
Microsoft Visual Studio Solution File, Format Version 12.00
# Visual Studio 2015
Project("{FAE04EC0-301F-11D3-BF4B-00C04F79EFBC}") = "Level Design.CSharp", "Level Design.CSharp.csproj", "{DD620698-DE4A-5369-2E68-BB8468D89CCF}"
EndProject
Project("{FAE04EC0-301F-11D3-BF4B-00C04F79EFBC}") = "Level Design.CSharp.Plugins", "Level Design.CSharp.Plugins.csproj", "{2E1F3F6A-682F-AD8B-201D-D072FB1E42D0}"
EndProject
Project("{FAE04EC0-301F-11D3-BF4B-00C04F79EFBC}") = "Level Design.CSharp.Editor", "Level Design.CSharp.Editor.csproj", "{B936CD7B-B02D-D720-010E-CCAB358AC9AC}"
EndProject
Project("{FAE04EC0-301F-11D3-BF4B-00C04F79EFBC}") = "Level Design.CSharp.Editor.Plugins", "Level Design.CSharp.Editor.Plugins.csproj", "{280D4D16-B878-5038-29C9-AD1176A35E2A}"
EndProject
Global
	GlobalSection(SolutionConfigurationPlatforms) = preSolution
		Debug|Any CPU = Debug|Any CPU
		Release|Any CPU = Release|Any CPU
	EndGlobalSection
	GlobalSection(ProjectConfigurationPlatforms) = postSolution
		{DD620698-DE4A-5369-2E68-BB8468D89CCF}.Debug|Any CPU.ActiveCfg = Debug|Any CPU
		{DD620698-DE4A-5369-2E68-BB8468D89CCF}.Debug|Any CPU.Build.0 = Debug|Any CPU
		{DD620698-DE4A-5369-2E68-BB8468D89CCF}.Release|Any CPU.ActiveCfg = Release|Any CPU
		{DD620698-DE4A-5369-2E68-BB8468D89CCF}.Release|Any CPU.Build.0 = Release|Any CPU
		{2E1F3F6A-682F-AD8B-201D-D072FB1E42D0}.Debug|Any CPU.ActiveCfg = Debug|Any CPU
		{2E1F3F6A-682F-AD8B-201D-D072FB1E42D0}.Debug|Any CPU.Build.0 = Debug|Any CPU
		{2E1F3F6A-682F-AD8B-201D-D072FB1E42D0}.Release|Any CPU.ActiveCfg = Release|Any CPU
		{2E1F3F6A-682F-AD8B-201D-D072FB1E42D0}.Release|Any CPU.Build.0 = Release|Any CPU
		{B936CD7B-B02D-D720-010E-CCAB358AC9AC}.Debug|Any CPU.ActiveCfg = Debug|Any CPU
		{B936CD7B-B02D-D720-010E-CCAB358AC9AC}.Debug|Any CPU.Build.0 = Debug|Any CPU
		{B936CD7B-B02D-D720-010E-CCAB358AC9AC}.Release|Any CPU.ActiveCfg = Release|Any CPU
		{B936CD7B-B02D-D720-010E-CCAB358AC9AC}.Release|Any CPU.Build.0 = Release|Any CPU
		{280D4D16-B878-5038-29C9-AD1176A35E2A}.Debug|Any CPU.ActiveCfg = Debug|Any CPU
		{280D4D16-B878-5038-29C9-AD1176A35E2A}.Debug|Any CPU.Build.0 = Debug|Any CPU
		{280D4D16-B878-5038-29C9-AD1176A35E2A}.Release|Any CPU.ActiveCfg = Release|Any CPU
		{280D4D16-B878-5038-29C9-AD1176A35E2A}.Release|Any CPU.Build.0 = Release|Any CPU
	EndGlobalSection
	GlobalSection(SolutionProperties) = preSolution
		HideSolutionNode = FALSE
	EndGlobalSection
EndGlobal
